
Microsoft Visual Studio Solution File, Format Version 12.00
# Visual Studio 15
VisualStudioVersion = 15.0.27130.2027
MinimumVisualStudioVersion = 10.0.40219.1
Project("{FAE04EC0-301F-11D3-BF4B-00C04F79EFBC}") = "TMNAdapter", "TMNAdapter\TMNAdapter.csproj", "{9FD4348E-0974-4245-B439-40F4662F5948}"
EndProject
Project("{FAE04EC0-301F-11D3-BF4B-00C04F79EFBC}") = "TestProject", "TestProject\TestProject.csproj", "{DB84EEC7-BD59-4369-A64C-E244CE359AC5}"
EndProject
Project("{FAE04EC0-301F-11D3-BF4B-00C04F79EFBC}") = "TMNAdapter.Core", "TMNAdapter.Core\TMNAdapter.Core.csproj", "{DA834DEF-D7F5-4EB2-AE17-EAD30D86E123}"
EndProject
Project("{FAE04EC0-301F-11D3-BF4B-00C04F79EFBC}") = "TestProject.MSTest", "TestProject.MSTest\TestProject.MSTest.csproj", "{27EF99B2-90D3-4047-853F-ABDBFE142AB2}"
EndProject
Global
	GlobalSection(SolutionConfigurationPlatforms) = preSolution
		Debug|Any CPU = Debug|Any CPU
		Release|Any CPU = Release|Any CPU
	EndGlobalSection
	GlobalSection(ProjectConfigurationPlatforms) = postSolution
		{9FD4348E-0974-4245-B439-40F4662F5948}.Debug|Any CPU.ActiveCfg = Debug|Any CPU
		{9FD4348E-0974-4245-B439-40F4662F5948}.Debug|Any CPU.Build.0 = Debug|Any CPU
		{9FD4348E-0974-4245-B439-40F4662F5948}.Release|Any CPU.ActiveCfg = Release|Any CPU
		{9FD4348E-0974-4245-B439-40F4662F5948}.Release|Any CPU.Build.0 = Release|Any CPU
		{DB84EEC7-BD59-4369-A64C-E244CE359AC5}.Debug|Any CPU.ActiveCfg = Debug|Any CPU
		{DB84EEC7-BD59-4369-A64C-E244CE359AC5}.Debug|Any CPU.Build.0 = Debug|Any CPU
		{DB84EEC7-BD59-4369-A64C-E244CE359AC5}.Release|Any CPU.ActiveCfg = Release|Any CPU
		{DB84EEC7-BD59-4369-A64C-E244CE359AC5}.Release|Any CPU.Build.0 = Release|Any CPU
		{DA834DEF-D7F5-4EB2-AE17-EAD30D86E123}.Debug|Any CPU.ActiveCfg = Debug|Any CPU
		{DA834DEF-D7F5-4EB2-AE17-EAD30D86E123}.Debug|Any CPU.Build.0 = Debug|Any CPU
		{DA834DEF-D7F5-4EB2-AE17-EAD30D86E123}.Release|Any CPU.ActiveCfg = Release|Any CPU
		{DA834DEF-D7F5-4EB2-AE17-EAD30D86E123}.Release|Any CPU.Build.0 = Release|Any CPU
		{27EF99B2-90D3-4047-853F-ABDBFE142AB2}.Debug|Any CPU.ActiveCfg = Debug|Any CPU
		{27EF99B2-90D3-4047-853F-ABDBFE142AB2}.Debug|Any CPU.Build.0 = Debug|Any CPU
		{27EF99B2-90D3-4047-853F-ABDBFE142AB2}.Release|Any CPU.ActiveCfg = Release|Any CPU
		{27EF99B2-90D3-4047-853F-ABDBFE142AB2}.Release|Any CPU.Build.0 = Release|Any CPU
	EndGlobalSection
	GlobalSection(SolutionProperties) = preSolution
		HideSolutionNode = FALSE
	EndGlobalSection
	GlobalSection(ExtensibilityGlobals) = postSolution
		SolutionGuid = {F43555CB-DF50-4AB4-896D-1A8533AF4095}
	EndGlobalSection
EndGlobal
